
Microsoft Visual Studio Solution File, Format Version 12.00
# Visual Studio Version 16
VisualStudioVersion = 16.0.30114.105
MinimumVisualStudioVersion = 10.0.40219.1
Project("{FAE04EC0-301F-11D3-BF4B-00C04F79EFBC}") = "API", "API\API.csproj", "{583E18AE-75B0-4FAE-957C-2754E4F3484A}"
EndProject
Project("{FAE04EC0-301F-11D3-BF4B-00C04F79EFBC}") = "Application", "Application\Application.csproj", "{959D9137-D526-409E-B347-F9F2BE503D22}"
EndProject
Project("{FAE04EC0-301F-11D3-BF4B-00C04F79EFBC}") = "Domain", "Domain\Domain.csproj", "{9FBDF427-89D0-44AC-81BE-D42A72EA29FA}"
EndProject
Project("{FAE04EC0-301F-11D3-BF4B-00C04F79EFBC}") = "Persistence", "Persistence\Persistence.csproj", "{389A41FC-4D93-4CCC-B66A-4BCBEE9779A1}"
EndProject
Global
	GlobalSection(SolutionConfigurationPlatforms) = preSolution
		Debug|Any CPU = Debug|Any CPU
		Debug|x64 = Debug|x64
		Debug|x86 = Debug|x86
		Release|Any CPU = Release|Any CPU
		Release|x64 = Release|x64
		Release|x86 = Release|x86
	EndGlobalSection
	GlobalSection(SolutionProperties) = preSolution
		HideSolutionNode = FALSE
	EndGlobalSection
	GlobalSection(ProjectConfigurationPlatforms) = postSolution
		{583E18AE-75B0-4FAE-957C-2754E4F3484A}.Debug|Any CPU.ActiveCfg = Debug|Any CPU
		{583E18AE-75B0-4FAE-957C-2754E4F3484A}.Debug|Any CPU.Build.0 = Debug|Any CPU
		{583E18AE-75B0-4FAE-957C-2754E4F3484A}.Debug|x64.ActiveCfg = Debug|Any CPU
		{583E18AE-75B0-4FAE-957C-2754E4F3484A}.Debug|x64.Build.0 = Debug|Any CPU
		{583E18AE-75B0-4FAE-957C-2754E4F3484A}.Debug|x86.ActiveCfg = Debug|Any CPU
		{583E18AE-75B0-4FAE-957C-2754E4F3484A}.Debug|x86.Build.0 = Debug|Any CPU
		{583E18AE-75B0-4FAE-957C-2754E4F3484A}.Release|Any CPU.ActiveCfg = Release|Any CPU
		{583E18AE-75B0-4FAE-957C-2754E4F3484A}.Release|Any CPU.Build.0 = Release|Any CPU
		{583E18AE-75B0-4FAE-957C-2754E4F3484A}.Release|x64.ActiveCfg = Release|Any CPU
		{583E18AE-75B0-4FAE-957C-2754E4F3484A}.Release|x64.Build.0 = Release|Any CPU
		{583E18AE-75B0-4FAE-957C-2754E4F3484A}.Release|x86.ActiveCfg = Release|Any CPU
		{583E18AE-75B0-4FAE-957C-2754E4F3484A}.Release|x86.Build.0 = Release|Any CPU
		{959D9137-D526-409E-B347-F9F2BE503D22}.Debug|Any CPU.ActiveCfg = Debug|Any CPU
		{959D9137-D526-409E-B347-F9F2BE503D22}.Debug|Any CPU.Build.0 = Debug|Any CPU
		{959D9137-D526-409E-B347-F9F2BE503D22}.Debug|x64.ActiveCfg = Debug|Any CPU
		{959D9137-D526-409E-B347-F9F2BE503D22}.Debug|x64.Build.0 = Debug|Any CPU
		{959D9137-D526-409E-B347-F9F2BE503D22}.Debug|x86.ActiveCfg = Debug|Any CPU
		{959D9137-D526-409E-B347-F9F2BE503D22}.Debug|x86.Build.0 = Debug|Any CPU
		{959D9137-D526-409E-B347-F9F2BE503D22}.Release|Any CPU.ActiveCfg = Release|Any CPU
		{959D9137-D526-409E-B347-F9F2BE503D22}.Release|Any CPU.Build.0 = Release|Any CPU
		{959D9137-D526-409E-B347-F9F2BE503D22}.Release|x64.ActiveCfg = Release|Any CPU
		{959D9137-D526-409E-B347-F9F2BE503D22}.Release|x64.Build.0 = Release|Any CPU
		{959D9137-D526-409E-B347-F9F2BE503D22}.Release|x86.ActiveCfg = Release|Any CPU
		{959D9137-D526-409E-B347-F9F2BE503D22}.Release|x86.Build.0 = Release|Any CPU
		{9FBDF427-89D0-44AC-81BE-D42A72EA29FA}.Debug|Any CPU.ActiveCfg = Debug|Any CPU
		{9FBDF427-89D0-44AC-81BE-D42A72EA29FA}.Debug|Any CPU.Build.0 = Debug|Any CPU
		{9FBDF427-89D0-44AC-81BE-D42A72EA29FA}.Debug|x64.ActiveCfg = Debug|Any CPU
		{9FBDF427-89D0-44AC-81BE-D42A72EA29FA}.Debug|x64.Build.0 = Debug|Any CPU
		{9FBDF427-89D0-44AC-81BE-D42A72EA29FA}.Debug|x86.ActiveCfg = Debug|Any CPU
		{9FBDF427-89D0-44AC-81BE-D42A72EA29FA}.Debug|x86.Build.0 = Debug|Any CPU
		{9FBDF427-89D0-44AC-81BE-D42A72EA29FA}.Release|Any CPU.ActiveCfg = Release|Any CPU
		{9FBDF427-89D0-44AC-81BE-D42A72EA29FA}.Release|Any CPU.Build.0 = Release|Any CPU
		{9FBDF427-89D0-44AC-81BE-D42A72EA29FA}.Release|x64.ActiveCfg = Release|Any CPU
		{9FBDF427-89D0-44AC-81BE-D42A72EA29FA}.Release|x64.Build.0 = Release|Any CPU
		{9FBDF427-89D0-44AC-81BE-D42A72EA29FA}.Release|x86.ActiveCfg = Release|Any CPU
		{9FBDF427-89D0-44AC-81BE-D42A72EA29FA}.Release|x86.Build.0 = Release|Any CPU
		{389A41FC-4D93-4CCC-B66A-4BCBEE9779A1}.Debug|Any CPU.ActiveCfg = Debug|Any CPU
		{389A41FC-4D93-4CCC-B66A-4BCBEE9779A1}.Debug|Any CPU.Build.0 = Debug|Any CPU
		{389A41FC-4D93-4CCC-B66A-4BCBEE9779A1}.Debug|x64.ActiveCfg = Debug|Any CPU
		{389A41FC-4D93-4CCC-B66A-4BCBEE9779A1}.Debug|x64.Build.0 = Debug|Any CPU
		{389A41FC-4D93-4CCC-B66A-4BCBEE9779A1}.Debug|x86.ActiveCfg = Debug|Any CPU
		{389A41FC-4D93-4CCC-B66A-4BCBEE9779A1}.Debug|x86.Build.0 = Debug|Any CPU
		{389A41FC-4D93-4CCC-B66A-4BCBEE9779A1}.Release|Any CPU.ActiveCfg = Release|Any CPU
		{389A41FC-4D93-4CCC-B66A-4BCBEE9779A1}.Release|Any CPU.Build.0 = Release|Any CPU
		{389A41FC-4D93-4CCC-B66A-4BCBEE9779A1}.Release|x64.ActiveCfg = Release|Any CPU
		{389A41FC-4D93-4CCC-B66A-4BCBEE9779A1}.Release|x64.Build.0 = Release|Any CPU
		{389A41FC-4D93-4CCC-B66A-4BCBEE9779A1}.Release|x86.ActiveCfg = Release|Any CPU
		{389A41FC-4D93-4CCC-B66A-4BCBEE9779A1}.Release|x86.Build.0 = Release|Any CPU
	EndGlobalSection
EndGlobal
